
Microsoft Visual Studio Solution File, Format Version 12.00
# Visual Studio 15
VisualStudioVersion = 15.0.27130.2020
MinimumVisualStudioVersion = 10.0.40219.1
Project("{888888A0-9F3D-457C-B088-3A5042F75D52}") = "beautifulsoup_sample", "beautifulsoup_sample\beautifulsoup_sample.pyproj", "{96F72E2E-2B3A-42BF-BCC5-95391767A6E1}"
EndProject
Project("{FAE04EC0-301F-11D3-BF4B-00C04F79EFBC}") = "webscrapy_example", "webscrapy_example\webscrapy_example.csproj", "{0BB24F4F-6D94-47C2-A1E8-A06107171A0E}"
EndProject
Project("{FAE04EC0-301F-11D3-BF4B-00C04F79EFBC}") = "nuevoEjemplo", "nuevoEjemplo\nuevoEjemplo.csproj", "{58FA8A5F-08A0-4CD1-9979-E90E4BE9CC69}"
EndProject
Global
	GlobalSection(SolutionConfigurationPlatforms) = preSolution
		Debug|Any CPU = Debug|Any CPU
		Release|Any CPU = Release|Any CPU
	EndGlobalSection
	GlobalSection(ProjectConfigurationPlatforms) = postSolution
		{96F72E2E-2B3A-42BF-BCC5-95391767A6E1}.Debug|Any CPU.ActiveCfg = Debug|Any CPU
		{96F72E2E-2B3A-42BF-BCC5-95391767A6E1}.Release|Any CPU.ActiveCfg = Release|Any CPU
		{0BB24F4F-6D94-47C2-A1E8-A06107171A0E}.Debug|Any CPU.ActiveCfg = Debug|Any CPU
		{0BB24F4F-6D94-47C2-A1E8-A06107171A0E}.Debug|Any CPU.Build.0 = Debug|Any CPU
		{0BB24F4F-6D94-47C2-A1E8-A06107171A0E}.Release|Any CPU.ActiveCfg = Release|Any CPU
		{0BB24F4F-6D94-47C2-A1E8-A06107171A0E}.Release|Any CPU.Build.0 = Release|Any CPU
		{58FA8A5F-08A0-4CD1-9979-E90E4BE9CC69}.Debug|Any CPU.ActiveCfg = Debug|Any CPU
		{58FA8A5F-08A0-4CD1-9979-E90E4BE9CC69}.Debug|Any CPU.Build.0 = Debug|Any CPU
		{58FA8A5F-08A0-4CD1-9979-E90E4BE9CC69}.Release|Any CPU.ActiveCfg = Release|Any CPU
		{58FA8A5F-08A0-4CD1-9979-E90E4BE9CC69}.Release|Any CPU.Build.0 = Release|Any CPU
	EndGlobalSection
	GlobalSection(SolutionProperties) = preSolution
		HideSolutionNode = FALSE
	EndGlobalSection
	GlobalSection(ExtensibilityGlobals) = postSolution
		SolutionGuid = {0129FD3C-A0CE-4A84-97D0-B50ECE4103DF}
	EndGlobalSection
EndGlobal
